
Microsoft Visual Studio Solution File, Format Version 12.00
# Visual Studio 15
VisualStudioVersion = 15.0.27004.2009
MinimumVisualStudioVersion = 10.0.40219.1
Project("{FAE04EC0-301F-11D3-BF4B-00C04F79EFBC}") = "StatusBot", "StatusBot\StatusBot.csproj", "{DBDE67C9-CAAC-4D77-B867-4AFDA6C73F5F}"
EndProject
Global
	GlobalSection(SolutionConfigurationPlatforms) = preSolution
		Debug|Any CPU = Debug|Any CPU
		Release|Any CPU = Release|Any CPU
	EndGlobalSection
	GlobalSection(ProjectConfigurationPlatforms) = postSolution
		{DBDE67C9-CAAC-4D77-B867-4AFDA6C73F5F}.Debug|Any CPU.ActiveCfg = Debug|Any CPU
		{DBDE67C9-CAAC-4D77-B867-4AFDA6C73F5F}.Debug|Any CPU.Build.0 = Debug|Any CPU
		{DBDE67C9-CAAC-4D77-B867-4AFDA6C73F5F}.Release|Any CPU.ActiveCfg = Release|Any CPU
		{DBDE67C9-CAAC-4D77-B867-4AFDA6C73F5F}.Release|Any CPU.Build.0 = Release|Any CPU
	EndGlobalSection
	GlobalSection(SolutionProperties) = preSolution
		HideSolutionNode = FALSE
	EndGlobalSection
	GlobalSection(ExtensibilityGlobals) = postSolution
		SolutionGuid = {10CB60C8-9B40-4C03-A82F-DC49EA723BE0}
	EndGlobalSection
EndGlobal
